github.com/DATA-DOG/go-sqlmock v1.3.3 h1:CWUqKXe0s8A2z6qCgkP4Kru7wC11YoAnoupUKFDnH08=
github.com/DATA-DOG/go-sqlmock v1.3.3/go.mod h1:f/Ixk793poVmq4qj/V1dPUg2JEAKC73Q5eFN3EC/SaM=
github.com/gdamore/encoding v1.0.0 h1:+7OoQ1Bc6eTm5niUzBa0Ctsh6JbMW6Ra+YNuAtDBdko=
github.com/gdamore/encoding v1.0.0/go.mod h1:alR0ol34c49FCSBLjhosxzcPHQbf2trDkoo5dl+VrEg=
github.com/lucasb-eyer/go-colorful v1.0.2 h1:mCMFu6PgSozg9tDNMMK3g18oJBX7oYGrC09mS6CXfO4=
github.com/lucasb-eyer/go-colorful v1.0.2/go.mod h1:0MS4r+7BZKSJ5mw4/S5MPN+qHFF1fYclkSPilDOKW0s=
github.com/lucasb-eyer/go-colorful v1.0.3 h1:QIbQXiugsb+q10B+MI+7DI1oQLdmnep86tWFlaaUAac=
github.com/lucasb-eyer/go-colorful v1.0.3/go.mod h1:R4dSotOR9KMtayYi1e77YzuveK+i7ruzyGqttikkLy0=
github.com/mattn/go-runewidth v0.0.4 h1:2BvfKmzob6Bmd4YsL0zygOqfdFnK7GR4QL06Do4/p7Y=
github.com/mattn/go-runewidth v0.0.4/go.mod h1:LwmH8dsx7+W8Uxz3IHJYH5QSwggIsqBzpuz5H//U1FU=
github.com/mattn/go-runewidth v0.0.7/go.mod h1:H031xJmbD/WCDINGzjvQ9THkh0rPKHF+m2gUSrubnMI=
github.com/mattn/go-runewidth v0.0.8 h1:3tS41NlGYSmhhe/8fhGRzc+z3AYCw1Fe1WAyLuujKs0=
github.com/mattn/go-runewidth v0.0.8/go.mod h1:H031xJmbD/WCDINGzjvQ9THkh0rPKHF+m2gUSrubnMI=
github.com/npat-efault/poller v2.0.0+incompatible h1:jtTdXWKgN5kDK41ts8hoY1rvTEi0K08MTB8/bRO9MqE=
github.com/npat-efault/poller v2.0.0+incompatible/go.mod h1:lni01B89P8PtVpwlAhdhK1niN5rPkDGGpGGgBJzpSgo=
github.com/rivo/uniseg v0.0.0-20190513083848-b9f5b9457d44 h1:XKCbzPvK4/BbMXoMJOkYP2ANxiAEO0HM1xn6psSbXxY=
github.com/rivo/uniseg v0.0.0-20190513083848-b9f5b9457d44/go.mod h1:J6wj4VEh+S6ZtnVlnTBMWIodfgj8LQOQFoIToxlJtxc=
github.com/rivo/uniseg v0.1.0 h1:+2KBaVoUmb9XzDsrx/Ct0W/EYOSFf/nWTauy++DprtY=
github.com/rivo/uniseg v0.1.0/go.mod h1:J6wj4VEh+S6ZtnVlnTBMWIodfgj8LQOQFoIToxlJtxc=
github.com/zyedidia/clipboard v0.0.0-20180718195219-bd31d747117d h1:Lhqt2eo+rgM8aswvM7nTtAMVm8ARPWzkE9n6eZDOccY=
github.com/zyedidia/clipboard v0.0.0-20180718195219-bd31d747117d/go.mod h1:WDk3p8GiZV9+xFWlSo8qreeoLhW6Ik692rqXk+cNeRY=
github.com/zyedidia/clipboard v0.0.0-20190823154308-241f98e9b197 h1:gYTNnAW6azuB3BbA6QYWO/H4F2ABSOjjw3Z03tlXd2c=
github.com/zyedidia/clipboard v0.0.0-20190823154308-241f98e9b197/go.mod h1:WDk3p8GiZV9+xFWlSo8qreeoLhW6Ik692rqXk+cNeRY=
github.com/zyedidia/poller v1.0.1/go.mod h1:vZXJOHGDcuK08GXhF6IAY0ZFd2WcgOR5DOTp84Uk5eE=
github.com/zyedidia/poller v2.0.0+incompatible/go.mod h1:vZXJOHGDcuK08GXhF6IAY0ZFd2WcgOR5DOTp84Uk5eE=
github.com/zyedidia/poller v2.0.1-0.20170616160828-ab09682913b7+incompatible h1:8VIuqV713C9SmwvUGGpMhrK/5RdsRyp9N4YnPDPDe6c=
github.com/zyedidia/poller v2.0.1-0.20170616160828-ab09682913b7+incompatible/go.mod h1:vZXJOHGDcuK08GXhF6IAY0ZFd2WcgOR5DOTp84Uk5eE=
golang.org/x/sys v0.0.0-20190626150813-e07cf5db2756 h1:9nuHUbU8dRnRRfj9KjWUVrJeoexdbeMjttk6Oh1rD10=
golang.org/x/sys v0.0.0-20190626150813-e07cf5db2756/go.mod h1:h1NjWce9XRLGQEsW7wpKNCjG9DtNlClVuFLEZdDNbEs=
golang.org/x/text v0.3.0 h1:g61tztE5qeGQ89tm6NTjjM9VPIm088od1l6aSorWRWg=
golang.org/x/text v0.3.0/go.mod h1:NqM8EUOU14njkJ3fqMW+pc6Ldnwhi/IjpwHt7yyuwOQ=
golang.org/x/text v0.3.2 h1:tW2bmiBqwgJj/UpqtC8EpXEZVYOwU0yG4iWbprSVAcs=
golang.org/x/text v0.3.2/go.mod h1:bEr9sfX3Q8Zfm5fL9x+3itogRgK3+ptLWKqgva+5dAk=
golang.org/x/tools v0.0.0-20180917221912-90fa682c2a6e/go.mod h1:n7NCudcB/nEzxVGmLbDWY5pfWTLqBcC2KZ6jyYvM4mQ=
maunium.net/go/tcell v0.0.0-20190606152714-9a88fc07b3ed h1:sAcUrUZG2LFWBTkTtLKPQvHPHFM5d6huAhr5ZZuxtbQ=
maunium.net/go/tcell v0.0.0-20190606152714-9a88fc07b3ed/go.mod h1:8UOoBx9iuQZewMnaDHz9KQZtwFvl0TOA1f6hQhycgBw=
maunium.net/go/tcell v0.0.0-20190622183019-b3f8bb735f97 h1:n7xKc7I9pAllWKnlvrBam5Lv6QXE4Iw1VhbIcd3yJPc=
maunium.net/go/tcell v0.0.0-20190622183019-b3f8bb735f97/go.mod h1:8UOoBx9iuQZewMnaDHz9KQZtwFvl0TOA1f6hQhycgBw=
maunium.net/go/tcell v0.0.0-20190622184231-1bfeebfb5c2d h1:SaCRwqnEyv9fwdHfrV1ZijEkvVXPltUGzxmKQtpCE0k=
maunium.net/go/tcell v0.0.0-20190622184231-1bfeebfb5c2d/go.mod h1:8UOoBx9iuQZewMnaDHz9KQZtwFvl0TOA1f6hQhycgBw=
maunium.net/go/tcell v0.0.0-20190725205644-92d267dd4bf0 h1:YBpR4WvOe22t0Oc8qAl3qGM3bSSJIL26Y0uhreFXFg8=
maunium.net/go/tcell v0.0.0-20190725205644-92d267dd4bf0/go.mod h1:8UOoBx9iuQZewMnaDHz9KQZtwFvl0TOA1f6hQhycgBw=
maunium.net/go/tcell v1.1.2-0.20200218180838-aef08b141333 h1:fpDs6bTA0Lcf36pDLhoop/MKZnvvtZLq5yOeWcHvZfE=
maunium.net/go/tcell v1.1.2-0.20200218180838-aef08b141333/go.mod h1:Ru7KmI5AU7xHUx6hGltgJvknrS+8jlGGMKK15pZuc9k=
maunium.net/go/tcell v1.1.2-0.20200218183045-87c4a25c5b09 h1:hu+R+0nodoZPS19WGyYiw/d63+/NQS/R3Duw3d9HqAU=
maunium.net/go/tcell v1.1.2-0.20200218183045-87c4a25c5b09/go.mod h1:Ru7KmI5AU7xHUx6hGltgJvknrS+8jlGGMKK15pZuc9k=
